
Microsoft Visual Studio Solution File, Format Version 12.00
# Visual Studio Version 16
VisualStudioVersion = 16.0.810.23
MinimumVisualStudioVersion = 10.0.40219.1
Project("{FAE04EC0-301F-11D3-BF4B-00C04F79EFBC}") = "miniproject", "miniproject\miniproject.csproj", "{ED828AD1-FB3D-4876-B7DB-B6CB7C875ABD}"
EndProject
Global
	GlobalSection(SolutionConfigurationPlatforms) = preSolution
		Debug|Any CPU = Debug|Any CPU
		Release|Any CPU = Release|Any CPU
	EndGlobalSection
	GlobalSection(ProjectConfigurationPlatforms) = postSolution
		{ED828AD1-FB3D-4876-B7DB-B6CB7C875ABD}.Debug|Any CPU.ActiveCfg = Debug|Any CPU
		{ED828AD1-FB3D-4876-B7DB-B6CB7C875ABD}.Debug|Any CPU.Build.0 = Debug|Any CPU
		{ED828AD1-FB3D-4876-B7DB-B6CB7C875ABD}.Release|Any CPU.ActiveCfg = Release|Any CPU
		{ED828AD1-FB3D-4876-B7DB-B6CB7C875ABD}.Release|Any CPU.Build.0 = Release|Any CPU
	EndGlobalSection
	GlobalSection(SolutionProperties) = preSolution
		HideSolutionNode = FALSE
	EndGlobalSection
	GlobalSection(ExtensibilityGlobals) = postSolution
		SolutionGuid = {D742DF1E-8662-4B4A-AD99-7AF2B4AF89F8}
	EndGlobalSection
EndGlobal
